
Microsoft Visual Studio Solution File, Format Version 12.00
Project("{2150E333-8FDC-42A3-9474-1A3956D46DE8}") = "src", "src", "{B349E987-5C24-44EA-955F-D7FF89C29EF5}"
EndProject
Project("{FAE04EC0-301F-11D3-BF4B-00C04F79EFBC}") = "OpenScienceProjects.API", "OpenScienceProjects.API\OpenScienceProjects.API.csproj", "{B186B580-96EE-4F88-92CF-10DA92D0C057}"
EndProject
Global
	GlobalSection(SolutionConfigurationPlatforms) = preSolution
		Debug|Any CPU = Debug|Any CPU
		Release|Any CPU = Release|Any CPU
	EndGlobalSection
	GlobalSection(ProjectConfigurationPlatforms) = postSolution
		{B186B580-96EE-4F88-92CF-10DA92D0C057}.Debug|Any CPU.ActiveCfg = Debug|Any CPU
		{B186B580-96EE-4F88-92CF-10DA92D0C057}.Debug|Any CPU.Build.0 = Debug|Any CPU
		{B186B580-96EE-4F88-92CF-10DA92D0C057}.Release|Any CPU.ActiveCfg = Release|Any CPU
		{B186B580-96EE-4F88-92CF-10DA92D0C057}.Release|Any CPU.Build.0 = Release|Any CPU
	EndGlobalSection
	GlobalSection(NestedProjects) = preSolution
		{B186B580-96EE-4F88-92CF-10DA92D0C057} = {B349E987-5C24-44EA-955F-D7FF89C29EF5}
	EndGlobalSection
EndGlobal
